// !$*UTF8*$!
{
	archiveVersion = 1;
	classes = {
	};
	objectVersion = 52;
	objects = {

/* Begin PBXBuildFile section */
		358793BF49EAC2554FDAFDCC /* Pods_FlixsterTests.framework in Frameworks */ = {isa = PBXBuildFile; fileRef = 541BB85031A8A231F28ED483 /* Pods_FlixsterTests.framework */; };
		6D3E174899AB14E907B42723 /* Pods_Flixster.framework in Frameworks */ = {isa = PBXBuildFile; fileRef = B944EBC1A297056C4310925F /* Pods_Flixster.framework */; };
		A3385EC54ABF35A075A1773C /* Pods_Flixster_FlixsterUITests.framework in Frameworks */ = {isa = PBXBuildFile; fileRef = F252F260C2A01198260DC973 /* Pods_Flixster_FlixsterUITests.framework */; };
		AD37600C26F0EA620052EB8B /* MovieDetailsViewController.swift in Sources */ = {isa = PBXBuildFile; fileRef = AD37600B26F0EA620052EB8B /* MovieDetailsViewController.swift */; };
		AD9191CB26EAB33500905E71 /* AppDelegate.swift in Sources */ = {isa = PBXBuildFile; fileRef = AD9191CA26EAB33500905E71 /* AppDelegate.swift */; };
		AD9191CD26EAB33500905E71 /* SceneDelegate.swift in Sources */ = {isa = PBXBuildFile; fileRef = AD9191CC26EAB33500905E71 /* SceneDelegate.swift */; };
		AD9191D226EAB33500905E71 /* Main.storyboard in Resources */ = {isa = PBXBuildFile; fileRef = AD9191D026EAB33500905E71 /* Main.storyboard */; };
		AD9191D426EAB33B00905E71 /* Assets.xcassets in Resources */ = {isa = PBXBuildFile; fileRef = AD9191D326EAB33B00905E71 /* Assets.xcassets */; };
		AD9191D726EAB33B00905E71 /* LaunchScreen.storyboard in Resources */ = {isa = PBXBuildFile; fileRef = AD9191D526EAB33B00905E71 /* LaunchScreen.storyboard */; };
		AD9191E226EAB33B00905E71 /* FlixsterTests.swift in Sources */ = {isa = PBXBuildFile; fileRef = AD9191E126EAB33B00905E71 /* FlixsterTests.swift */; };
		AD9191ED26EAB33B00905E71 /* FlixsterUITests.swift in Sources */ = {isa = PBXBuildFile; fileRef = AD9191EC26EAB33B00905E71 /* FlixsterUITests.swift */; };
		AD9191FB26EAB4FB00905E71 /* MoviesViewController.swift in Sources */ = {isa = PBXBuildFile; fileRef = AD9191FA26EAB4FB00905E71 /* MoviesViewController.swift */; };
		AD9191FD26EAC54400905E71 /* MovieCell.swift in Sources */ = {isa = PBXBuildFile; fileRef = AD9191FC26EAC54400905E71 /* MovieCell.swift */; };
		AD91920026EACFEA00905E71 /* AlamofireImage in Frameworks */ = {isa = PBXBuildFile; productRef = AD9191FF26EACFEA00905E71 /* AlamofireImage */; };
		ADEEA1EF26F4025900496CA5 /* MovieGridViewController.swift in Sources */ = {isa = PBXBuildFile; fileRef = ADEEA1EE26F4025900496CA5 /* MovieGridViewController.swift */; };
		ADEEA1F126F410E700496CA5 /* MovieGridCell.swift in Sources */ = {isa = PBXBuildFile; fileRef = ADEEA1F026F410E700496CA5 /* MovieGridCell.swift */; };
/* End PBXBuildFile section */

/* Begin PBXContainerItemProxy section */
		AD9191DE26EAB33B00905E71 /* PBXContainerItemProxy */ = {
			isa = PBXContainerItemProxy;
			containerPortal = AD9191BF26EAB33500905E71 /* Project object */;
			proxyType = 1;
			remoteGlobalIDString = AD9191C626EAB33500905E71;
			remoteInfo = Flixster;
		};
		AD9191E926EAB33B00905E71 /* PBXContainerItemProxy */ = {
			isa = PBXContainerItemProxy;
			containerPortal = AD9191BF26EAB33500905E71 /* Project object */;
			proxyType = 1;
			remoteGlobalIDString = AD9191C626EAB33500905E71;
			remoteInfo = Flixster;
		};
/* End PBXContainerItemProxy section */

/* Begin PBXFileReference section */
		541BB85031A8A231F28ED483 /* Pods_FlixsterTests.framework */ = {isa = PBXFileReference; explicitFileType = wrapper.framework; includeInIndex = 0; path = Pods_FlixsterTests.framework; sourceTree = BUILT_PRODUCTS_DIR; };
		60F92B265D13A2DF38B7027F /* Pods-Flixster-FlixsterUITests.debug.xcconfig */ = {isa = PBXFileReference; includeInIndex = 1; lastKnownFileType = text.xcconfig; name = "Pods-Flixster-FlixsterUITests.debug.xcconfig"; path = "Target Support Files/Pods-Flixster-FlixsterUITests/Pods-Flixster-FlixsterUITests.debug.xcconfig"; sourceTree = "<group>"; };
		728C0C2EE9273FC79447CE95 /* Pods-Flixster.release.xcconfig */ = {isa = PBXFileReference; includeInIndex = 1; lastKnownFileType = text.xcconfig; name = "Pods-Flixster.release.xcconfig"; path = "Target Support Files/Pods-Flixster/Pods-Flixster.release.xcconfig"; sourceTree = "<group>"; };
		7484B2DCE52EA4180531B50E /* Pods-FlixsterTests.release.xcconfig */ = {isa = PBXFileReference; includeInIndex = 1; lastKnownFileType = text.xcconfig; name = "Pods-FlixsterTests.release.xcconfig"; path = "Target Support Files/Pods-FlixsterTests/Pods-FlixsterTests.release.xcconfig"; sourceTree = "<group>"; };
		90CD491CFD4EF9927C4FE046 /* Pods-Flixster.debug.xcconfig */ = {isa = PBXFileReference; includeInIndex = 1; lastKnownFileType = text.xcconfig; name = "Pods-Flixster.debug.xcconfig"; path = "Target Support Files/Pods-Flixster/Pods-Flixster.debug.xcconfig"; sourceTree = "<group>"; };
		9D09A95FCCC36E1A92F27CBA /* Pods-Flixster-FlixsterUITests.release.xcconfig */ = {isa = PBXFileReference; includeInIndex = 1; lastKnownFileType = text.xcconfig; name = "Pods-Flixster-FlixsterUITests.release.xcconfig"; path = "Target Support Files/Pods-Flixster-FlixsterUITests/Pods-Flixster-FlixsterUITests.release.xcconfig"; sourceTree = "<group>"; };
		AD37600B26F0EA620052EB8B /* MovieDetailsViewController.swift */ = {isa = PBXFileReference; lastKnownFileType = sourcecode.swift; path = MovieDetailsViewController.swift; sourceTree = "<group>"; };
		AD9191C726EAB33500905E71 /* Flixster.app */ = {isa = PBXFileReference; explicitFileType = wrapper.application; includeInIndex = 0; path = Flixster.app; sourceTree = BUILT_PRODUCTS_DIR; };
		AD9191CA26EAB33500905E71 /* AppDelegate.swift */ = {isa = PBXFileReference; lastKnownFileType = sourcecode.swift; path = AppDelegate.swift; sourceTree = "<group>"; };
		AD9191CC26EAB33500905E71 /* SceneDelegate.swift */ = {isa = PBXFileReference; lastKnownFileType = sourcecode.swift; path = SceneDelegate.swift; sourceTree = "<group>"; };
		AD9191D126EAB33500905E71 /* Base */ = {isa = PBXFileReference; lastKnownFileType = file.storyboard; name = Base; path = Base.lproj/Main.storyboard; sourceTree = "<group>"; };
		AD9191D326EAB33B00905E71 /* Assets.xcassets */ = {isa = PBXFileReference; lastKnownFileType = folder.assetcatalog; path = Assets.xcassets; sourceTree = "<group>"; };
		AD9191D626EAB33B00905E71 /* Base */ = {isa = PBXFileReference; lastKnownFileType = file.storyboard; name = Base; path = Base.lproj/LaunchScreen.storyboard; sourceTree = "<group>"; };
		AD9191D826EAB33B00905E71 /* Info.plist */ = {isa = PBXFileReference; lastKnownFileType = text.plist.xml; path = Info.plist; sourceTree = "<group>"; };
		AD9191DD26EAB33B00905E71 /* FlixsterTests.xctest */ = {isa = PBXFileReference; explicitFileType = wrapper.cfbundle; includeInIndex = 0; path = FlixsterTests.xctest; sourceTree = BUILT_PRODUCTS_DIR; };
		AD9191E126EAB33B00905E71 /* FlixsterTests.swift */ = {isa = PBXFileReference; lastKnownFileType = sourcecode.swift; path = FlixsterTests.swift; sourceTree = "<group>"; };
		AD9191E326EAB33B00905E71 /* Info.plist */ = {isa = PBXFileReference; lastKnownFileType = text.plist.xml; path = Info.plist; sourceTree = "<group>"; };
		AD9191E826EAB33B00905E71 /* FlixsterUITests.xctest */ = {isa = PBXFileReference; explicitFileType = wrapper.cfbundle; includeInIndex = 0; path = FlixsterUITests.xctest; sourceTree = BUILT_PRODUCTS_DIR; };
		AD9191EC26EAB33B00905E71 /* FlixsterUITests.swift */ = {isa = PBXFileReference; lastKnownFileType = sourcecode.swift; path = FlixsterUITests.swift; sourceTree = "<group>"; };
		AD9191EE26EAB33B00905E71 /* Info.plist */ = {isa = PBXFileReference; lastKnownFileType = text.plist.xml; path = Info.plist; sourceTree = "<group>"; };
		AD9191FA26EAB4FB00905E71 /* MoviesViewController.swift */ = {isa = PBXFileReference; lastKnownFileType = sourcecode.swift; path = MoviesViewController.swift; sourceTree = "<group>"; };
		AD9191FC26EAC54400905E71 /* MovieCell.swift */ = {isa = PBXFileReference; lastKnownFileType = sourcecode.swift; path = MovieCell.swift; sourceTree = "<group>"; };
		ADEEA1EE26F4025900496CA5 /* MovieGridViewController.swift */ = {isa = PBXFileReference; lastKnownFileType = sourcecode.swift; path = MovieGridViewController.swift; sourceTree = "<group>"; };
		ADEEA1F026F410E700496CA5 /* MovieGridCell.swift */ = {isa = PBXFileReference; lastKnownFileType = sourcecode.swift; path = MovieGridCell.swift; sourceTree = "<group>"; };
		B944EBC1A297056C4310925F /* Pods_Flixster.framework */ = {isa = PBXFileReference; explicitFileType = wrapper.framework; includeInIndex = 0; path = Pods_Flixster.framework; sourceTree = BUILT_PRODUCTS_DIR; };
		EB771583693AB2072CF1F177 /* Pods-FlixsterTests.debug.xcconfig */ = {isa = PBXFileReference; includeInIndex = 1; lastKnownFileType = text.xcconfig; name = "Pods-FlixsterTests.debug.xcconfig"; path = "Target Support Files/Pods-FlixsterTests/Pods-FlixsterTests.debug.xcconfig"; sourceTree = "<group>"; };
		F252F260C2A01198260DC973 /* Pods_Flixster_FlixsterUITests.framework */ = {isa = PBXFileReference; explicitFileType = wrapper.framework; includeInIndex = 0; path = Pods_Flixster_FlixsterUITests.framework; sourceTree = BUILT_PRODUCTS_DIR; };
/* End PBXFileReference section */

/* Begin PBXFrameworksBuildPhase section */
		AD9191C426EAB33500905E71 /* Frameworks */ = {
			isa = PBXFrameworksBuildPhase;
			buildActionMask = 2147483647;
			files = (
				AD91920026EACFEA00905E71 /* AlamofireImage in Frameworks */,
				6D3E174899AB14E907B42723 /* Pods_Flixster.framework in Frameworks */,
			);
			runOnlyForDeploymentPostprocessing = 0;
		};
		AD9191DA26EAB33B00905E71 /* Frameworks */ = {
			isa = PBXFrameworksBuildPhase;
			buildActionMask = 2147483647;
			files = (
				358793BF49EAC2554FDAFDCC /* Pods_FlixsterTests.framework in Frameworks */,
			);
			runOnlyForDeploymentPostprocessing = 0;
		};
		AD9191E526EAB33B00905E71 /* Frameworks */ = {
			isa = PBXFrameworksBuildPhase;
			buildActionMask = 2147483647;
			files = (
				A3385EC54ABF35A075A1773C /* Pods_Flixster_FlixsterUITests.framework in Frameworks */,
			);
			runOnlyForDeploymentPostprocessing = 0;
		};
/* End PBXFrameworksBuildPhase section */

/* Begin PBXGroup section */
		1E178E81F5AE0B48F6427A25 /* Frameworks */ = {
			isa = PBXGroup;
			children = (
				B944EBC1A297056C4310925F /* Pods_Flixster.framework */,
				F252F260C2A01198260DC973 /* Pods_Flixster_FlixsterUITests.framework */,
				541BB85031A8A231F28ED483 /* Pods_FlixsterTests.framework */,
			);
			name = Frameworks;
			sourceTree = "<group>";
		};
		AD9191BE26EAB33500905E71 = {
			isa = PBXGroup;
			children = (
				AD9191C926EAB33500905E71 /* Flixster */,
				AD9191E026EAB33B00905E71 /* FlixsterTests */,
				AD9191EB26EAB33B00905E71 /* FlixsterUITests */,
				AD9191C826EAB33500905E71 /* Products */,
				EEAFD6A8538E9420F07D531E /* Pods */,
				1E178E81F5AE0B48F6427A25 /* Frameworks */,
			);
			sourceTree = "<group>";
		};
		AD9191C826EAB33500905E71 /* Products */ = {
			isa = PBXGroup;
			children = (
				AD9191C726EAB33500905E71 /* Flixster.app */,
				AD9191DD26EAB33B00905E71 /* FlixsterTests.xctest */,
				AD9191E826EAB33B00905E71 /* FlixsterUITests.xctest */,
			);
			name = Products;
			sourceTree = "<group>";
		};
		AD9191C926EAB33500905E71 /* Flixster */ = {
			isa = PBXGroup;
			children = (
				AD9191CA26EAB33500905E71 /* AppDelegate.swift */,
				AD9191CC26EAB33500905E71 /* SceneDelegate.swift */,
				AD9191D026EAB33500905E71 /* Main.storyboard */,
				AD9191D326EAB33B00905E71 /* Assets.xcassets */,
				AD9191D526EAB33B00905E71 /* LaunchScreen.storyboard */,
				AD9191D826EAB33B00905E71 /* Info.plist */,
				AD9191FC26EAC54400905E71 /* MovieCell.swift */,
				AD9191FA26EAB4FB00905E71 /* MoviesViewController.swift */,
				AD37600B26F0EA620052EB8B /* MovieDetailsViewController.swift */,
				ADEEA1EE26F4025900496CA5 /* MovieGridViewController.swift */,
				ADEEA1F026F410E700496CA5 /* MovieGridCell.swift */,
			);
			path = Flixster;
			sourceTree = "<group>";
		};
		AD9191E026EAB33B00905E71 /* FlixsterTests */ = {
			isa = PBXGroup;
			children = (
				AD9191E126EAB33B00905E71 /* FlixsterTests.swift */,
				AD9191E326EAB33B00905E71 /* Info.plist */,
			);
			path = FlixsterTests;
			sourceTree = "<group>";
		};
		AD9191EB26EAB33B00905E71 /* FlixsterUITests */ = {
			isa = PBXGroup;
			children = (
				AD9191EC26EAB33B00905E71 /* FlixsterUITests.swift */,
				AD9191EE26EAB33B00905E71 /* Info.plist */,
			);
			path = FlixsterUITests;
			sourceTree = "<group>";
		};
		EEAFD6A8538E9420F07D531E /* Pods */ = {
			isa = PBXGroup;
			children = (
				90CD491CFD4EF9927C4FE046 /* Pods-Flixster.debug.xcconfig */,
				728C0C2EE9273FC79447CE95 /* Pods-Flixster.release.xcconfig */,
				60F92B265D13A2DF38B7027F /* Pods-Flixster-FlixsterUITests.debug.xcconfig */,
				9D09A95FCCC36E1A92F27CBA /* Pods-Flixster-FlixsterUITests.release.xcconfig */,
				EB771583693AB2072CF1F177 /* Pods-FlixsterTests.debug.xcconfig */,
				7484B2DCE52EA4180531B50E /* Pods-FlixsterTests.release.xcconfig */,
			);
			path = Pods;
			sourceTree = "<group>";
		};
/* End PBXGroup section */

/* Begin PBXNativeTarget section */
		AD9191C626EAB33500905E71 /* Flixster */ = {
			isa = PBXNativeTarget;
			buildConfigurationList = AD9191F126EAB33B00905E71 /* Build configuration list for PBXNativeTarget "Flixster" */;
			buildPhases = (
				D091A665C720FBB69C149598 /* [CP] Check Pods Manifest.lock */,
				AD9191C326EAB33500905E71 /* Sources */,
				AD9191C426EAB33500905E71 /* Frameworks */,
				AD9191C526EAB33500905E71 /* Resources */,
				9F119881104E54C750C7CAC2 /* [CP] Embed Pods Frameworks */,
			);
			buildRules = (
			);
			dependencies = (
			);
			name = Flixster;
			packageProductDependencies = (
				AD9191FF26EACFEA00905E71 /* AlamofireImage */,
			);
			productName = Flixster;
			productReference = AD9191C726EAB33500905E71 /* Flixster.app */;
			productType = "com.apple.product-type.application";
		};
		AD9191DC26EAB33B00905E71 /* FlixsterTests */ = {
			isa = PBXNativeTarget;
			buildConfigurationList = AD9191F426EAB33B00905E71 /* Build configuration list for PBXNativeTarget "FlixsterTests" */;
			buildPhases = (
				6BB2FC04BF2E1B564905C418 /* [CP] Check Pods Manifest.lock */,
				AD9191D926EAB33B00905E71 /* Sources */,
				AD9191DA26EAB33B00905E71 /* Frameworks */,
				AD9191DB26EAB33B00905E71 /* Resources */,
			);
			buildRules = (
			);
			dependencies = (
				AD9191DF26EAB33B00905E71 /* PBXTargetDependency */,
			);
			name = FlixsterTests;
			productName = FlixsterTests;
			productReference = AD9191DD26EAB33B00905E71 /* FlixsterTests.xctest */;
			productType = "com.apple.product-type.bundle.unit-test";
		};
		AD9191E726EAB33B00905E71 /* FlixsterUITests */ = {
			isa = PBXNativeTarget;
			buildConfigurationList = AD9191F726EAB33B00905E71 /* Build configuration list for PBXNativeTarget "FlixsterUITests" */;
			buildPhases = (
				922E19E2B5612D11ABB909C5 /* [CP] Check Pods Manifest.lock */,
				AD9191E426EAB33B00905E71 /* Sources */,
				AD9191E526EAB33B00905E71 /* Frameworks */,
				AD9191E626EAB33B00905E71 /* Resources */,
				BEAC23C5A08DCE7946D91A4D /* [CP] Embed Pods Frameworks */,
			);
			buildRules = (
			);
			dependencies = (
				AD9191EA26EAB33B00905E71 /* PBXTargetDependency */,
			);
			name = FlixsterUITests;
			productName = FlixsterUITests;
			productReference = AD9191E826EAB33B00905E71 /* FlixsterUITests.xctest */;
			productType = "com.apple.product-type.bundle.ui-testing";
		};
/* End PBXNativeTarget section */

/* Begin PBXProject section */
		AD9191BF26EAB33500905E71 /* Project object */ = {
			isa = PBXProject;
			attributes = {
				LastSwiftUpdateCheck = 1250;
				LastUpgradeCheck = 1250;
				TargetAttributes = {
					AD9191C626EAB33500905E71 = {
						CreatedOnToolsVersion = 12.5.1;
					};
					AD9191DC26EAB33B00905E71 = {
						CreatedOnToolsVersion = 12.5.1;
						TestTargetID = AD9191C626EAB33500905E71;
					};
					AD9191E726EAB33B00905E71 = {
						CreatedOnToolsVersion = 12.5.1;
						TestTargetID = AD9191C626EAB33500905E71;
					};
				};
			};
			buildConfigurationList = AD9191C226EAB33500905E71 /* Build configuration list for PBXProject "Flixster" */;
			compatibilityVersion = "Xcode 9.3";
			developmentRegion = en;
			hasScannedForEncodings = 0;
			knownRegions = (
				en,
				Base,
			);
			mainGroup = AD9191BE26EAB33500905E71;
			packageReferences = (
				AD9191FE26EACFEA00905E71 /* XCRemoteSwiftPackageReference "AlamofireImage" */,
			);
			productRefGroup = AD9191C826EAB33500905E71 /* Products */;
			projectDirPath = "";
			projectRoot = "";
			targets = (
				AD9191C626EAB33500905E71 /* Flixster */,
				AD9191DC26EAB33B00905E71 /* FlixsterTests */,
				AD9191E726EAB33B00905E71 /* FlixsterUITests */,
			);
		};
/* End PBXProject section */

/* Begin PBXResourcesBuildPhase section */
		AD9191C526EAB33500905E71 /* Resources */ = {
			isa = PBXResourcesBuildPhase;
			buildActionMask = 2147483647;
			files = (
				AD9191D726EAB33B00905E71 /* LaunchScreen.storyboard in Resources */,
				AD9191D426EAB33B00905E71 /* Assets.xcassets in Resources */,
				AD9191D226EAB33500905E71 /* Main.storyboard in Resources */,
			);
			runOnlyForDeploymentPostprocessing = 0;
		};
		AD9191DB26EAB33B00905E71 /* Resources */ = {
			isa = PBXResourcesBuildPhase;
			buildActionMask = 2147483647;
			files = (
			);
			runOnlyForDeploymentPostprocessing = 0;
		};
		AD9191E626EAB33B00905E71 /* Resources */ = {
			isa = PBXResourcesBuildPhase;
			buildActionMask = 2147483647;
			files = (
			);
			runOnlyForDeploymentPostprocessing = 0;
		};
/* End PBXResourcesBuildPhase section */

/* Begin PBXShellScriptBuildPhase section */
		6BB2FC04BF2E1B564905C418 /* [CP] Check Pods Manifest.lock */ = {
			isa = PBXShellScriptBuildPhase;
			buildActionMask = 2147483647;
			files = (
			);
			inputFileListPaths = (
			);
			inputPaths = (
				"${PODS_PODFILE_DIR_PATH}/Podfile.lock",
				"${PODS_ROOT}/Manifest.lock",
			);
			name = "[CP] Check Pods Manifest.lock";
			outputFileListPaths = (
			);
			outputPaths = (
				"$(DERIVED_FILE_DIR)/Pods-FlixsterTests-checkManifestLockResult.txt",
			);
			runOnlyForDeploymentPostprocessing = 0;
			shellPath = /bin/sh;
			shellScript = "diff \"${PODS_PODFILE_DIR_PATH}/Podfile.lock\" \"${PODS_ROOT}/Manifest.lock\" > /dev/null\nif [ $? != 0 ] ; then\n    # print error to STDERR\n    echo \"error: The sandbox is not in sync with the Podfile.lock. Run 'pod install' or update your CocoaPods installation.\" >&2\n    exit 1\nfi\n# This output is used by Xcode 'outputs' to avoid re-running this script phase.\necho \"SUCCESS\" > \"${SCRIPT_OUTPUT_FILE_0}\"\n";
			showEnvVarsInLog = 0;
		};
		922E19E2B5612D11ABB909C5 /* [CP] Check Pods Manifest.lock */ = {
			isa = PBXShellScriptBuildPhase;
			buildActionMask = 2147483647;
			files = (
			);
			inputFileListPaths = (
			);
			inputPaths = (
				"${PODS_PODFILE_DIR_PATH}/Podfile.lock",
				"${PODS_ROOT}/Manifest.lock",
			);
			name = "[CP] Check Pods Manifest.lock";
			outputFileListPaths = (
			);
			outputPaths = (
				"$(DERIVED_FILE_DIR)/Pods-Flixster-FlixsterUITests-checkManifestLockResult.txt",
			);
			runOnlyForDeploymentPostprocessing = 0;
			shellPath = /bin/sh;
			shellScript = "diff \"${PODS_PODFILE_DIR_PATH}/Podfile.lock\" \"${PODS_ROOT}/Manifest.lock\" > /dev/null\nif [ $? != 0 ] ; then\n    # print error to STDERR\n    echo \"error: The sandbox is not in sync with the Podfile.lock. Run 'pod install' or update your CocoaPods installation.\" >&2\n    exit 1\nfi\n# This output is used by Xcode 'outputs' to avoid re-running this script phase.\necho \"SUCCESS\" > \"${SCRIPT_OUTPUT_FILE_0}\"\n";
			showEnvVarsInLog = 0;
		};
		9F119881104E54C750C7CAC2 /* [CP] Embed Pods Frameworks */ = {
			isa = PBXShellScriptBuildPhase;
			buildActionMask = 2147483647;
			files = (
			);
			inputFileListPaths = (
				"${PODS_ROOT}/Target Support Files/Pods-Flixster/Pods-Flixster-frameworks-${CONFIGURATION}-input-files.xcfilelist",
			);
			name = "[CP] Embed Pods Frameworks";
			outputFileListPaths = (
				"${PODS_ROOT}/Target Support Files/Pods-Flixster/Pods-Flixster-frameworks-${CONFIGURATION}-output-files.xcfilelist",
			);
			runOnlyForDeploymentPostprocessing = 0;
			shellPath = /bin/sh;
			shellScript = "\"${PODS_ROOT}/Target Support Files/Pods-Flixster/Pods-Flixster-frameworks.sh\"\n";
			showEnvVarsInLog = 0;
		};
		BEAC23C5A08DCE7946D91A4D /* [CP] Embed Pods Frameworks */ = {
			isa = PBXShellScriptBuildPhase;
			buildActionMask = 2147483647;
			files = (
			);
			inputFileListPaths = (
				"${PODS_ROOT}/Target Support Files/Pods-Flixster-FlixsterUITests/Pods-Flixster-FlixsterUITests-frameworks-${CONFIGURATION}-input-files.xcfilelist",
			);
			name = "[CP] Embed Pods Frameworks";
			outputFileListPaths = (
				"${PODS_ROOT}/Target Support Files/Pods-Flixster-FlixsterUITests/Pods-Flixster-FlixsterUITests-frameworks-${CONFIGURATION}-output-files.xcfilelist",
			);
			runOnlyForDeploymentPostprocessing = 0;
			shellPath = /bin/sh;
			shellScript = "\"${PODS_ROOT}/Target Support Files/Pods-Flixster-FlixsterUITests/Pods-Flixster-FlixsterUITests-frameworks.sh\"\n";
			showEnvVarsInLog = 0;
		};
		D091A665C720FBB69C149598 /* [CP] Check Pods Manifest.lock */ = {
			isa = PBXShellScriptBuildPhase;
			buildActionMask = 2147483647;
			files = (
			);
			inputFileListPaths = (
			);
			inputPaths = (
				"${PODS_PODFILE_DIR_PATH}/Podfile.lock",
				"${PODS_ROOT}/Manifest.lock",
			);
			name = "[CP] Check Pods Manifest.lock";
			outputFileListPaths = (
			);
			outputPaths = (
				"$(DERIVED_FILE_DIR)/Pods-Flixster-checkManifestLockResult.txt",
			);
			runOnlyForDeploymentPostprocessing = 0;
			shellPath = /bin/sh;
			shellScript = "diff \"${PODS_PODFILE_DIR_PATH}/Podfile.lock\" \"${PODS_ROOT}/Manifest.lock\" > /dev/null\nif [ $? != 0 ] ; then\n    # print error to STDERR\n    echo \"error: The sandbox is not in sync with the Podfile.lock. Run 'pod install' or update your CocoaPods installation.\" >&2\n    exit 1\nfi\n# This output is used by Xcode 'outputs' to avoid re-running this script phase.\necho \"SUCCESS\" > \"${SCRIPT_OUTPUT_FILE_0}\"\n";
			showEnvVarsInLog = 0;
		};
/* End PBXShellScriptBuildPhase section */

/* Begin PBXSourcesBuildPhase section */
		AD9191C326EAB33500905E71 /* Sources */ = {
			isa = PBXSourcesBuildPhase;
			buildActionMask = 2147483647;
			files = (
				AD37600C26F0EA620052EB8B /* MovieDetailsViewController.swift in Sources */,
				AD9191CB26EAB33500905E71 /* AppDelegate.swift in Sources */,
				AD9191CD26EAB33500905E71 /* SceneDelegate.swift in Sources */,
				AD9191FD26EAC54400905E71 /* MovieCell.swift in Sources */,
				AD9191FB26EAB4FB00905E71 /* MoviesViewController.swift in Sources */,
				ADEEA1EF26F4025900496CA5 /* MovieGridViewController.swift in Sources */,
				ADEEA1F126F410E700496CA5 /* MovieGridCell.swift in Sources */,
			);
			runOnlyForDeploymentPostprocessing = 0;
		};
		AD9191D926EAB33B00905E71 /* Sources */ = {
			isa = PBXSourcesBuildPhase;
			buildActionMask = 2147483647;
			files = (
				AD9191E226EAB33B00905E71 /* FlixsterTests.swift in Sources */,
			);
			runOnlyForDeploymentPostprocessing = 0;
		};
		AD9191E426EAB33B00905E71 /* Sources */ = {
			isa = PBXSourcesBuildPhase;
			buildActionMask = 2147483647;
			files = (
				AD9191ED26EAB33B00905E71 /* FlixsterUITests.swift in Sources */,
			);
			runOnlyForDeploymentPostprocessing = 0;
		};
/* End PBXSourcesBuildPhase section */

/* Begin PBXTargetDependency section */
		AD9191DF26EAB33B00905E71 /* PBXTargetDependency */ = {
			isa = PBXTargetDependency;
			target = AD9191C626EAB33500905E71 /* Flixster */;
			targetProxy = AD9191DE26EAB33B00905E71 /* PBXContainerItemProxy */;
		};
		AD9191EA26EAB33B00905E71 /* PBXTargetDependency */ = {
			isa = PBXTargetDependency;
			target = AD9191C626EAB33500905E71 /* Flixster */;
			targetProxy = AD9191E926EAB33B00905E71 /* PBXContainerItemProxy */;
		};
/* End PBXTargetDependency section */

/* Begin PBXVariantGroup section */
		AD9191D026EAB33500905E71 /* Main.storyboard */ = {
			isa = PBXVariantGroup;
			children = (
				AD9191D126EAB33500905E71 /* Base */,
			);
			name = Main.storyboard;
			sourceTree = "<group>";
		};
		AD9191D526EAB33B00905E71 /* LaunchScreen.storyboard */ = {
			isa = PBXVariantGroup;
			children = (
				AD9191D626EAB33B00905E71 /* Base */,
			);
			name = LaunchScreen.storyboard;
			sourceTree = "<group>";
		};
/* End PBXVariantGroup section */

/* Begin XCBuildConfiguration section */
		AD9191EF26EAB33B00905E71 /* Debug */ = {
			isa = XCBuildConfiguration;
			buildSettings = {
				ALWAYS_SEARCH_USER_PATHS = NO;
				CLANG_ANALYZER_NONNULL = YES;
				CLANG_ANALYZER_NUMBER_OBJECT_CONVERSION = YES_AGGRESSIVE;
				CLANG_CXX_LANGUAGE_STANDARD = "gnu++14";
				CLANG_CXX_LIBRARY = "libc++";
				CLANG_ENABLE_MODULES = YES;
				CLANG_ENABLE_OBJC_ARC = YES;
				CLANG_ENABLE_OBJC_WEAK = YES;
				CLANG_WARN_BLOCK_CAPTURE_AUTORELEASING = YES;
				CLANG_WARN_BOOL_CONVERSION = YES;
				CLANG_WARN_COMMA = YES;
				CLANG_WARN_CONSTANT_CONVERSION = YES;
				CLANG_WARN_DEPRECATED_OBJC_IMPLEMENTATIONS = YES;
				CLANG_WARN_DIRECT_OBJC_ISA_USAGE = YES_ERROR;
				CLANG_WARN_DOCUMENTATION_COMMENTS = YES;
				CLANG_WARN_EMPTY_BODY = YES;
				CLANG_WARN_ENUM_CONVERSION = YES;
				CLANG_WARN_INFINITE_RECURSION = YES;
				CLANG_WARN_INT_CONVERSION = YES;
				CLANG_WARN_NON_LITERAL_NULL_CONVERSION = YES;
				CLANG_WARN_OBJC_IMPLICIT_RETAIN_SELF = YES;
				CLANG_WARN_OBJC_LITERAL_CONVERSION = YES;
				CLANG_WARN_OBJC_ROOT_CLASS = YES_ERROR;
				CLANG_WARN_QUOTED_INCLUDE_IN_FRAMEWORK_HEADER = YES;
				CLANG_WARN_RANGE_LOOP_ANALYSIS = YES;
				CLANG_WARN_STRICT_PROTOTYPES = YES;
				CLANG_WARN_SUSPICIOUS_MOVE = YES;
				CLANG_WARN_UNGUARDED_AVAILABILITY = YES_AGGRESSIVE;
				CLANG_WARN_UNREACHABLE_CODE = YES;
				CLANG_WARN__DUPLICATE_METHOD_MATCH = YES;
				COPY_PHASE_STRIP = NO;
				DEBUG_INFORMATION_FORMAT = dwarf;
				ENABLE_STRICT_OBJC_MSGSEND = YES;
				ENABLE_TESTABILITY = YES;
				GCC_C_LANGUAGE_STANDARD = gnu11;
				GCC_DYNAMIC_NO_PIC = NO;
				GCC_NO_COMMON_BLOCKS = YES;
				GCC_OPTIMIZATION_LEVEL = 0;
				GCC_PREPROCESSOR_DEFINITIONS = (
					"DEBUG=1",
					"$(inherited)",
				);
				GCC_WARN_64_TO_32_BIT_CONVERSION = YES;
				GCC_WARN_ABOUT_RETURN_TYPE = YES_ERROR;
				GCC_WARN_UNDECLARED_SELECTOR = YES;
				GCC_WARN_UNINITIALIZED_AUTOS = YES_AGGRESSIVE;
				GCC_WARN_UNUSED_FUNCTION = YES;
				GCC_WARN_UNUSED_VARIABLE = YES;
				IPHONEOS_DEPLOYMENT_TARGET = 14.5;
				MTL_ENABLE_DEBUG_INFO = INCLUDE_SOURCE;
				MTL_FAST_MATH = YES;
				ONLY_ACTIVE_ARCH = YES;
				SDKROOT = iphoneos;
				SWIFT_ACTIVE_COMPILATION_CONDITIONS = DEBUG;
				SWIFT_OPTIMIZATION_LEVEL = "-Onone";
			};
			name = Debug;
		};
		AD9191F026EAB33B00905E71 /* Release */ = {
			isa = XCBuildConfiguration;
			buildSettings = {
				ALWAYS_SEARCH_USER_PATHS = NO;
				CLANG_ANALYZER_NONNULL = YES;
				CLANG_ANALYZER_NUMBER_OBJECT_CONVERSION = YES_AGGRESSIVE;
				CLANG_CXX_LANGUAGE_STANDARD = "gnu++14";
				CLANG_CXX_LIBRARY = "libc++";
				CLANG_ENABLE_MODULES = YES;
				CLANG_ENABLE_OBJC_ARC = YES;
				CLANG_ENABLE_OBJC_WEAK = YES;
				CLANG_WARN_BLOCK_CAPTURE_AUTORELEASING = YES;
				CLANG_WARN_BOOL_CONVERSION = YES;
				CLANG_WARN_COMMA = YES;
				CLANG_WARN_CONSTANT_CONVERSION = YES;
				CLANG_WARN_DEPRECATED_OBJC_IMPLEMENTATIONS = YES;
				CLANG_WARN_DIRECT_OBJC_ISA_USAGE = YES_ERROR;
				CLANG_WARN_DOCUMENTATION_COMMENTS = YES;
				CLANG_WARN_EMPTY_BODY = YES;
				CLANG_WARN_ENUM_CONVERSION = YES;
				CLANG_WARN_INFINITE_RECURSION = YES;
				CLANG_WARN_INT_CONVERSION = YES;
				CLANG_WARN_NON_LITERAL_NULL_CONVERSION = YES;
				CLANG_WARN_OBJC_IMPLICIT_RETAIN_SELF = YES;
				CLANG_WARN_OBJC_LITERAL_CONVERSION = YES;
				CLANG_WARN_OBJC_ROOT_CLASS = YES_ERROR;
				CLANG_WARN_QUOTED_INCLUDE_IN_FRAMEWORK_HEADER = YES;
				CLANG_WARN_RANGE_LOOP_ANALYSIS = YES;
				CLANG_WARN_STRICT_PROTOTYPES = YES;
				CLANG_WARN_SUSPICIOUS_MOVE = YES;
				CLANG_WARN_UNGUARDED_AVAILABILITY = YES_AGGRESSIVE;
				CLANG_WARN_UNREACHABLE_CODE = YES;
				CLANG_WARN__DUPLICATE_METHOD_MATCH = YES;
				COPY_PHASE_STRIP = NO;
				DEBUG_INFORMATION_FORMAT = "dwarf-with-dsym";
				ENABLE_NS_ASSERTIONS = NO;
				ENABLE_STRICT_OBJC_MSGSEND = YES;
				GCC_C_LANGUAGE_STANDARD = gnu11;
				GCC_NO_COMMON_BLOCKS = YES;
				GCC_WARN_64_TO_32_BIT_CONVERSION = YES;
				GCC_WARN_ABOUT_RETURN_TYPE = YES_ERROR;
				GCC_WARN_UNDECLARED_SELECTOR = YES;
				GCC_WARN_UNINITIALIZED_AUTOS = YES_AGGRESSIVE;
				GCC_WARN_UNUSED_FUNCTION = YES;
				GCC_WARN_UNUSED_VARIABLE = YES;
				IPHONEOS_DEPLOYMENT_TARGET = 14.5;
				MTL_ENABLE_DEBUG_INFO = NO;
				MTL_FAST_MATH = YES;
				SDKROOT = iphoneos;
				SWIFT_COMPILATION_MODE = wholemodule;
				SWIFT_OPTIMIZATION_LEVEL = "-O";
				VALIDATE_PRODUCT = YES;
			};
			name = Release;
		};
		AD9191F226EAB33B00905E71 /* Debug */ = {
			isa = XCBuildConfiguration;
			baseConfigurationReference = 90CD491CFD4EF9927C4FE046 /* Pods-Flixster.debug.xcconfig */;
			buildSettings = {
				ASSETCATALOG_COMPILER_APPICON_NAME = AppIcon;
				ASSETCATALOG_COMPILER_GLOBAL_ACCENT_COLOR_NAME = AccentColor;
				CODE_SIGN_STYLE = Automatic;
				INFOPLIST_FILE = Flixster/Info.plist;
				LD_RUNPATH_SEARCH_PATHS = (
					"$(inherited)",
					"@executable_path/Frameworks",
				);
				PRODUCT_BUNDLE_IDENTIFIER = "catalinabedoya11-gmail.com.Flixster";
				PRODUCT_NAME = "$(TARGET_NAME)";
				SWIFT_VERSION = 5.0;
				TARGETED_DEVICE_FAMILY = "1,2";
			};
			name = Debug;
		};
		AD9191F326EAB33B00905E71 /* Release */ = {
			isa = XCBuildConfiguration;
			baseConfigurationReference = 728C0C2EE9273FC79447CE95 /* Pods-Flixster.release.xcconfig */;
			buildSettings = {
				ASSETCATALOG_COMPILER_APPICON_NAME = AppIcon;
				ASSETCATALOG_COMPILER_GLOBAL_ACCENT_COLOR_NAME = AccentColor;
				CODE_SIGN_STYLE = Automatic;
				INFOPLIST_FILE = Flixster/Info.plist;
				LD_RUNPATH_SEARCH_PATHS = (
					"$(inherited)",
					"@executable_path/Frameworks",
				);
				PRODUCT_BUNDLE_IDENTIFIER = "catalinabedoya11-gmail.com.Flixster";
				PRODUCT_NAME = "$(TARGET_NAME)";
				SWIFT_VERSION = 5.0;
				TARGETED_DEVICE_FAMILY = "1,2";
			};
			name = Release;
		};
		AD9191F526EAB33B00905E71 /* Debug */ = {
			isa = XCBuildConfiguration;
			baseConfigurationReference = EB771583693AB2072CF1F177 /* Pods-FlixsterTests.debug.xcconfig */;
			buildSettings = {
				ALWAYS_EMBED_SWIFT_STANDARD_LIBRARIES = YES;
				BUNDLE_LOADER = "$(TEST_HOST)";
				CODE_SIGN_STYLE = Automatic;
				INFOPLIST_FILE = FlixsterTests/Info.plist;
				IPHONEOS_DEPLOYMENT_TARGET = 14.5;
				LD_RUNPATH_SEARCH_PATHS = (
					"$(inherited)",
					"@executable_path/Frameworks",
					"@loader_path/Frameworks",
				);
				PRODUCT_BUNDLE_IDENTIFIER = "catalinabedoya11-gmail.com.FlixsterTests";
				PRODUCT_NAME = "$(TARGET_NAME)";
				SWIFT_VERSION = 5.0;
				TARGETED_DEVICE_FAMILY = "1,2";
				TEST_HOST = "$(BUILT_PRODUCTS_DIR)/Flixster.app/Flixster";
			};
			name = Debug;
		};
		AD9191F626EAB33B00905E71 /* Release */ = {
			isa = XCBuildConfiguration;
			baseConfigurationReference = 7484B2DCE52EA4180531B50E /* Pods-FlixsterTests.release.xcconfig */;
			buildSettings = {
				ALWAYS_EMBED_SWIFT_STANDARD_LIBRARIES = YES;
				BUNDLE_LOADER = "$(TEST_HOST)";
				CODE_SIGN_STYLE = Automatic;
				INFOPLIST_FILE = FlixsterTests/Info.plist;
				IPHONEOS_DEPLOYMENT_TARGET = 14.5;
				LD_RUNPATH_SEARCH_PATHS = (
					"$(inherited)",
					"@executable_path/Frameworks",
					"@loader_path/Frameworks",
				);
				PRODUCT_BUNDLE_IDENTIFIER = "catalinabedoya11-gmail.com.FlixsterTests";
				PRODUCT_NAME = "$(TARGET_NAME)";
				SWIFT_VERSION = 5.0;
				TARGETED_DEVICE_FAMILY = "1,2";
				TEST_HOST = "$(BUILT_PRODUCTS_DIR)/Flixster.app/Flixster";
			};
			name = Release;
		};
		AD9191F826EAB33B00905E71 /* Debug */ = {
			isa = XCBuildConfiguration;
			baseConfigurationReference = 60F92B265D13A2DF38B7027F /* Pods-Flixster-FlixsterUITests.debug.xcconfig */;
			buildSettings = {
				ALWAYS_EMBED_SWIFT_STANDARD_LIBRARIES = YES;
				CODE_SIGN_STYLE = Automatic;
				INFOPLIST_FILE = FlixsterUITests/Info.plist;
				LD_RUNPATH_SEARCH_PATHS = (
					"$(inherited)",
					"@executable_path/Frameworks",
					"@loader_path/Frameworks",
				);
				PRODUCT_BUNDLE_IDENTIFIER = "catalinabedoya11-gmail.com.FlixsterUITests";
				PRODUCT_NAME = "$(TARGET_NAME)";
				SWIFT_VERSION = 5.0;
				TARGETED_DEVICE_FAMILY = "1,2";
				TEST_TARGET_NAME = Flixster;
			};
			name = Debug;
		};
		AD9191F926EAB33B00905E71 /* Release */ = {
			isa = XCBuildConfiguration;
			baseConfigurationReference = 9D09A95FCCC36E1A92F27CBA /* Pods-Flixster-FlixsterUITests.release.xcconfig */;
			buildSettings = {
				ALWAYS_EMBED_SWIFT_STANDARD_LIBRARIES = YES;
				CODE_SIGN_STYLE = Automatic;
				INFOPLIST_FILE = FlixsterUITests/Info.plist;
				LD_RUNPATH_SEARCH_PATHS = (
					"$(inherited)",
					"@executable_path/Frameworks",
					"@loader_path/Frameworks",
				);
				PRODUCT_BUNDLE_IDENTIFIER = "catalinabedoya11-gmail.com.FlixsterUITests";
				PRODUCT_NAME = "$(TARGET_NAME)";
				SWIFT_VERSION = 5.0;
				TARGETED_DEVICE_FAMILY = "1,2";
				TEST_TARGET_NAME = Flixster;
			};
			name = Release;
		};
/* End XCBuildConfiguration section */

/* Begin XCConfigurationList section */
		AD9191C226EAB33500905E71 /* Build configuration list for PBXProject "Flixster" */ = {
			isa = XCConfigurationList;
			buildConfigurations = (
				AD9191EF26EAB33B00905E71 /* Debug */,
				AD9191F026EAB33B00905E71 /* Release */,
			);
			defaultConfigurationIsVisible = 0;
			defaultConfigurationName = Release;
		};
		AD9191F126EAB33B00905E71 /* Build configuration list for PBXNativeTarget "Flixster" */ = {
			isa = XCConfigurationList;
			buildConfigurations = (
				AD9191F226EAB33B00905E71 /* Debug */,
				AD9191F326EAB33B00905E71 /* Release */,
			);
			defaultConfigurationIsVisible = 0;
			defaultConfigurationName = Release;
		};
		AD9191F426EAB33B00905E71 /* Build configuration list for PBXNativeTarget "FlixsterTests" */ = {
			isa = XCConfigurationList;
			buildConfigurations = (
				AD9191F526EAB33B00905E71 /* Debug */,
				AD9191F626EAB33B00905E71 /* Release */,
			);
			defaultConfigurationIsVisible = 0;
			defaultConfigurationName = Release;
		};
		AD9191F726EAB33B00905E71 /* Build configuration list for PBXNativeTarget "FlixsterUITests" */ = {
			isa = XCConfigurationList;
			buildConfigurations = (
				AD9191F826EAB33B00905E71 /* Debug */,
				AD9191F926EAB33B00905E71 /* Release */,
			);
			defaultConfigurationIsVisible = 0;
			defaultConfigurationName = Release;
		};
/* End XCConfigurationList section */

/* Begin XCRemoteSwiftPackageReference section */
		AD9191FE26EACFEA00905E71 /* XCRemoteSwiftPackageReference "AlamofireImage" */ = {
			isa = XCRemoteSwiftPackageReference;
			repositoryURL = "https://github.com/Alamofire/AlamofireImage";
			requirement = {
				kind = upToNextMajorVersion;
				minimumVersion = 4.2.0;
			};
		};
/* End XCRemoteSwiftPackageReference section */

/* Begin XCSwiftPackageProductDependency section */
		AD9191FF26EACFEA00905E71 /* AlamofireImage */ = {
			isa = XCSwiftPackageProductDependency;
			package = AD9191FE26EACFEA00905E71 /* XCRemoteSwiftPackageReference "AlamofireImage" */;
			productName = AlamofireImage;
		};
/* End XCSwiftPackageProductDependency section */
	};
	rootObject = AD9191BF26EAB33500905E71 /* Project object */;
}
